
Microsoft Visual Studio Solution File, Format Version 12.00
# Visual Studio 15
Project("{FAE04EC0-301F-11D3-BF4B-00C04F79EFBC}") = "Assembly-CSharp-firstpass", "Assembly-CSharp-firstpass.csproj", "{7E1C139C-7B25-9178-BE17-F233A4DCA341}"
EndProject
Project("{FAE04EC0-301F-11D3-BF4B-00C04F79EFBC}") = "Unity.Services.Core.Internal", "Unity.Services.Core.Internal.csproj", "{D29AF7A7-E2DA-ACF5-6A35-2F040FFA61AB}"
EndProject
Project("{FAE04EC0-301F-11D3-BF4B-00C04F79EFBC}") = "UnityEngine.TestRunner", "UnityEngine.TestRunner.csproj", "{722FA177-78F2-5B3B-6C11-88323D28183A}"
EndProject
Project("{FAE04EC0-301F-11D3-BF4B-00C04F79EFBC}") = "UnityEngine.Purchasing.Stores", "UnityEngine.Purchasing.Stores.csproj", "{D21828AE-A1F6-2C3F-E071-98B27BBAFB72}"
EndProject
Project("{FAE04EC0-301F-11D3-BF4B-00C04F79EFBC}") = "UnityEngine.UI", "UnityEngine.UI.csproj", "{D72EF7FC-7993-3369-E7DE-CA4EBF033FD3}"
EndProject
Project("{FAE04EC0-301F-11D3-BF4B-00C04F79EFBC}") = "UnityEngine.XR.LegacyInputHelpers", "UnityEngine.XR.LegacyInputHelpers.csproj", "{466B4AC9-7C53-54BF-F133-74847A7FA59D}"
EndProject
Project("{FAE04EC0-301F-11D3-BF4B-00C04F79EFBC}") = "Unity.Timeline", "Unity.Timeline.csproj", "{A98F9E3A-061B-7EA1-E9D0-5F3F7ABAA513}"
EndProject
Project("{FAE04EC0-301F-11D3-BF4B-00C04F79EFBC}") = "UnityEngine.Purchasing.WinRTCore", "UnityEngine.Purchasing.WinRTCore.csproj", "{E44F33E5-D896-AAB2-FA1A-656CC725ABA9}"
EndProject
Project("{FAE04EC0-301F-11D3-BF4B-00C04F79EFBC}") = "Assembly-CSharp", "Assembly-CSharp.csproj", "{9EA751F6-F215-BD17-A0F3-4A6A5C6A0917}"
EndProject
Project("{FAE04EC0-301F-11D3-BF4B-00C04F79EFBC}") = "UnityEngine.Purchasing.SecurityCore", "UnityEngine.Purchasing.SecurityCore.csproj", "{F2ADB203-6B23-DE6F-334E-DB5D3E6DF90B}"
EndProject
Project("{FAE04EC0-301F-11D3-BF4B-00C04F79EFBC}") = "Unity.TextMeshPro", "Unity.TextMeshPro.csproj", "{7C5EDC87-A427-84A3-5FF1-30EFD36880FB}"
EndProject
Project("{FAE04EC0-301F-11D3-BF4B-00C04F79EFBC}") = "UnityEngine.Purchasing", "UnityEngine.Purchasing.csproj", "{64B943DF-3465-4CDD-A0B8-2D194BAED824}"
EndProject
Project("{FAE04EC0-301F-11D3-BF4B-00C04F79EFBC}") = "UnityEngine.Purchasing.AppleCore", "UnityEngine.Purchasing.AppleCore.csproj", "{A3E43CA2-4D59-C3C1-DEDA-6D702A8E4872}"
EndProject
Project("{FAE04EC0-301F-11D3-BF4B-00C04F79EFBC}") = "Unity.Services.Core.Environments.Internal", "Unity.Services.Core.Environments.Internal.csproj", "{A56EEAC0-FB42-5FC4-DFEF-5F1EAB65E53F}"
EndProject
Project("{FAE04EC0-301F-11D3-BF4B-00C04F79EFBC}") = "UnityEngine.Advertisements", "UnityEngine.Advertisements.csproj", "{5FA6D7D4-FA7B-2B1E-D4A7-512584AC6FC4}"
EndProject
Project("{FAE04EC0-301F-11D3-BF4B-00C04F79EFBC}") = "Unity.Services.Core", "Unity.Services.Core.csproj", "{02448CCD-5B99-E59D-B901-231C56622F88}"
EndProject
Project("{FAE04EC0-301F-11D3-BF4B-00C04F79EFBC}") = "Unity.Services.Core.Scheduler", "Unity.Services.Core.Scheduler.csproj", "{241374F8-8FE5-53F9-A486-21E7FC354CFE}"
EndProject
Project("{FAE04EC0-301F-11D3-BF4B-00C04F79EFBC}") = "Unity.Services.Core.Configuration", "Unity.Services.Core.Configuration.csproj", "{AEB56CFC-9E26-10E3-B066-C0BDB542DE8D}"
EndProject
Project("{FAE04EC0-301F-11D3-BF4B-00C04F79EFBC}") = "Unity.Services.Core.Environments", "Unity.Services.Core.Environments.csproj", "{F2DCC167-A3A3-4D44-4295-AA2910F37783}"
EndProject
Project("{FAE04EC0-301F-11D3-BF4B-00C04F79EFBC}") = "Unity.Services.Core.Networking", "Unity.Services.Core.Networking.csproj", "{AB023117-132B-83EB-3740-ECF620A5C852}"
EndProject
Project("{FAE04EC0-301F-11D3-BF4B-00C04F79EFBC}") = "UnityEngine.Purchasing.SecurityStub", "UnityEngine.Purchasing.SecurityStub.csproj", "{03BC6B86-C8A4-07C3-FAED-5A010DA86D0F}"
EndProject
Project("{FAE04EC0-301F-11D3-BF4B-00C04F79EFBC}") = "Unity.Services.Core.Analytics", "Unity.Services.Core.Analytics.csproj", "{35B1E076-BD12-41EC-C378-FA54290FC58B}"
EndProject
Project("{FAE04EC0-301F-11D3-BF4B-00C04F79EFBC}") = "Purchasing.Common", "Purchasing.Common.csproj", "{0AAA4177-754C-3B51-A9AF-BDEE0F36F503}"
EndProject
Project("{FAE04EC0-301F-11D3-BF4B-00C04F79EFBC}") = "Unity.Services.Core.Telemetry", "Unity.Services.Core.Telemetry.csproj", "{7E61AEA7-F1E5-AC1D-C66B-0AA087DDF0CF}"
EndProject
Project("{FAE04EC0-301F-11D3-BF4B-00C04F79EFBC}") = "UnityEngine.Purchasing.Codeless", "UnityEngine.Purchasing.Codeless.csproj", "{4766E323-0509-04F0-731F-1D5E14626309}"
EndProject
Project("{FAE04EC0-301F-11D3-BF4B-00C04F79EFBC}") = "Unity.Services.Core.Registration", "Unity.Services.Core.Registration.csproj", "{D788BF4B-1F21-D1E6-E132-6685863B5670}"
EndProject
Project("{FAE04EC0-301F-11D3-BF4B-00C04F79EFBC}") = "Unity.Services.Core.Device", "Unity.Services.Core.Device.csproj", "{AD010B3F-ACDA-F0D7-6431-99E15E4D6BB4}"
EndProject
Project("{FAE04EC0-301F-11D3-BF4B-00C04F79EFBC}") = "UnityEngine.Purchasing.WinRTStub", "UnityEngine.Purchasing.WinRTStub.csproj", "{1673BF77-3FB5-84E9-8751-9976702C5F48}"
EndProject
Project("{FAE04EC0-301F-11D3-BF4B-00C04F79EFBC}") = "Unity.Services.Core.Threading", "Unity.Services.Core.Threading.csproj", "{8024E510-8695-DD9D-6C64-A746D249A8EE}"
EndProject
Project("{FAE04EC0-301F-11D3-BF4B-00C04F79EFBC}") = "UnityEngine.Purchasing.AppleStub", "UnityEngine.Purchasing.AppleStub.csproj", "{4549ED07-B9C0-4E43-72F0-793F41CA40F3}"
EndProject
Project("{FAE04EC0-301F-11D3-BF4B-00C04F79EFBC}") = "UnityEngine.Purchasing.AppleMacosStub", "UnityEngine.Purchasing.AppleMacosStub.csproj", "{8A3232F4-216B-D3BD-BE4A-20006231383B}"
EndProject
Project("{FAE04EC0-301F-11D3-BF4B-00C04F79EFBC}") = "UnityEngine.SpatialTracking", "UnityEngine.SpatialTracking.csproj", "{86C24318-A92B-4BA3-D20C-AAF81D3C6842}"
EndProject
Project("{FAE04EC0-301F-11D3-BF4B-00C04F79EFBC}") = "Unity.Analytics.DataPrivacy", "Unity.Analytics.DataPrivacy.csproj", "{31BD03DD-ADD1-D03A-91AD-72008233E043}"
EndProject
Project("{FAE04EC0-301F-11D3-BF4B-00C04F79EFBC}") = "Unity.Services.Core.Editor", "Unity.Services.Core.Editor.csproj", "{10908A8E-99AC-436D-E948-0757AE571798}"
EndProject
Project("{FAE04EC0-301F-11D3-BF4B-00C04F79EFBC}") = "UnityEditor.TestRunner", "UnityEditor.TestRunner.csproj", "{97EB2B7A-6014-8C9B-D950-49BB10FB39E4}"
EndProject
Project("{FAE04EC0-301F-11D3-BF4B-00C04F79EFBC}") = "Unity.PlasticSCM.Editor", "Unity.PlasticSCM.Editor.csproj", "{936E9C56-AB48-E47A-0AC5-997483B7659B}"
EndProject
Project("{FAE04EC0-301F-11D3-BF4B-00C04F79EFBC}") = "UnityEditor.UI", "UnityEditor.UI.csproj", "{2149D699-340C-11AD-646E-2D6B697029D7}"
EndProject
Project("{FAE04EC0-301F-11D3-BF4B-00C04F79EFBC}") = "UnityEditor.Purchasing", "UnityEditor.Purchasing.csproj", "{A5ACF34F-F17F-3252-1394-DE2318FCEE2C}"
EndProject
Project("{FAE04EC0-301F-11D3-BF4B-00C04F79EFBC}") = "Unity.Services.Core.Environments.Editor", "Unity.Services.Core.Environments.Editor.csproj", "{4E5ED13B-92C9-9A7A-649B-81A41BD5302B}"
EndProject
Project("{FAE04EC0-301F-11D3-BF4B-00C04F79EFBC}") = "Unity.VisualStudio.Editor", "Unity.VisualStudio.Editor.csproj", "{CAA17556-C940-C4F0-C0C3-C44234029900}"
EndProject
Project("{FAE04EC0-301F-11D3-BF4B-00C04F79EFBC}") = "Unity.Timeline.Editor", "Unity.Timeline.Editor.csproj", "{A43819A5-4561-B4B7-870B-74BC690A5539}"
EndProject
Project("{FAE04EC0-301F-11D3-BF4B-00C04F79EFBC}") = "UnityEngine.Advertisements.Editor", "UnityEngine.Advertisements.Editor.csproj", "{CEA9163C-208E-8A29-274E-55430DF28CA2}"
EndProject
Project("{FAE04EC0-301F-11D3-BF4B-00C04F79EFBC}") = "Unity.TextMeshPro.Editor", "Unity.TextMeshPro.Editor.csproj", "{8FC9F853-8A83-9F9A-A646-9780ECACEF02}"
EndProject
Project("{FAE04EC0-301F-11D3-BF4B-00C04F79EFBC}") = "GoogleMobileAds.Editor", "GoogleMobileAds.Editor.csproj", "{27BF9C07-8C95-C484-0CC3-47B098CF7E3E}"
EndProject
Project("{FAE04EC0-301F-11D3-BF4B-00C04F79EFBC}") = "Unity.2D.Tilemap.Editor", "Unity.2D.Tilemap.Editor.csproj", "{A1C43B58-7F9F-36DF-4DF3-EC1AA0826173}"
EndProject
Project("{FAE04EC0-301F-11D3-BF4B-00C04F79EFBC}") = "Assembly-CSharp-Editor-firstpass", "Assembly-CSharp-Editor-firstpass.csproj", "{ACD320C7-61A6-4F9D-BFF8-25EEC3136915}"
EndProject
Project("{FAE04EC0-301F-11D3-BF4B-00C04F79EFBC}") = "Unity.Rider.Editor", "Unity.Rider.Editor.csproj", "{2FE2543B-F453-6BF8-1C12-38A360865D00}"
EndProject
Project("{FAE04EC0-301F-11D3-BF4B-00C04F79EFBC}") = "Unity.2D.Sprite.Editor", "Unity.2D.Sprite.Editor.csproj", "{9F53F595-638A-F4EC-5EAA-E09BFC44651C}"
EndProject
Project("{FAE04EC0-301F-11D3-BF4B-00C04F79EFBC}") = "UnityEngine.Advertisements.DevX.Editor", "UnityEngine.Advertisements.DevX.Editor.csproj", "{2A48EE71-5189-D1BF-FC05-603E13F11C41}"
EndProject
Project("{FAE04EC0-301F-11D3-BF4B-00C04F79EFBC}") = "UnityEditor.XR.LegacyInputHelpers", "UnityEditor.XR.LegacyInputHelpers.csproj", "{785BFA1D-CD45-F116-5336-A97869858444}"
EndProject
Project("{FAE04EC0-301F-11D3-BF4B-00C04F79EFBC}") = "Unity.VSCode.Editor", "Unity.VSCode.Editor.csproj", "{0421B844-7E12-7979-200D-01849C66383F}"
EndProject
Project("{FAE04EC0-301F-11D3-BF4B-00C04F79EFBC}") = "Unity.Services.Core.Configuration.Editor", "Unity.Services.Core.Configuration.Editor.csproj", "{CDEAFE1E-F48F-876C-4967-41E6096FA42F}"
EndProject
Project("{FAE04EC0-301F-11D3-BF4B-00C04F79EFBC}") = "UnityEditor.SpatialTracking", "UnityEditor.SpatialTracking.csproj", "{FA34573D-0F04-A5E2-8198-5FC93C31C1BD}"
EndProject
Project("{FAE04EC0-301F-11D3-BF4B-00C04F79EFBC}") = "Unity.CollabProxy.Editor", "Unity.CollabProxy.Editor.csproj", "{BB3E3FB8-BCB2-0848-00DC-A0D9BBD1C34F}"
EndProject
Project("{FAE04EC0-301F-11D3-BF4B-00C04F79EFBC}") = "Analytics", "Analytics.csproj", "{0C1B2F67-74C6-8C58-3179-8DAFD1216C4C}"
EndProject
Project("{FAE04EC0-301F-11D3-BF4B-00C04F79EFBC}") = "IAPResolver", "IAPResolver.csproj", "{4374F884-F2D8-D603-B7D0-A659CEF2D808}"
EndProject
Project("{FAE04EC0-301F-11D3-BF4B-00C04F79EFBC}") = "Assembly-CSharp-Editor", "Assembly-CSharp-Editor.csproj", "{2B0EC70D-4E6D-84B0-9F2A-99A5C8F2B869}"
EndProject
Project("{FAE04EC0-301F-11D3-BF4B-00C04F79EFBC}") = "Assembly-CSharp-firstpass", "Assembly-CSharp-firstpass.Player.csproj", "{050EB321-385C-6F35-4DAF-D356D58C4CA1}"
EndProject
Project("{FAE04EC0-301F-11D3-BF4B-00C04F79EFBC}") = "Unity.Services.Core.Internal", "Unity.Services.Core.Internal.Player.csproj", "{20FFE3CD-3730-0702-B23D-AB9FE24694E6}"
EndProject
Project("{FAE04EC0-301F-11D3-BF4B-00C04F79EFBC}") = "UnityEngine.TestRunner", "UnityEngine.TestRunner.Player.csproj", "{33E4F637-D81B-3CE2-687B-8BA1C9789F2F}"
EndProject
Project("{FAE04EC0-301F-11D3-BF4B-00C04F79EFBC}") = "UnityEngine.Purchasing.Stores", "UnityEngine.Purchasing.Stores.Player.csproj", "{B5C48DFE-79DE-A64D-1955-84D250396ED1}"
EndProject
Project("{FAE04EC0-301F-11D3-BF4B-00C04F79EFBC}") = "UnityEngine.UI", "UnityEngine.UI.Player.csproj", "{0F47C97A-B42B-58EF-B47F-EE37050AA53F}"
EndProject
Project("{FAE04EC0-301F-11D3-BF4B-00C04F79EFBC}") = "UnityEngine.XR.LegacyInputHelpers", "UnityEngine.XR.LegacyInputHelpers.Player.csproj", "{570AE599-8CB3-4950-04C5-D611936743B1}"
EndProject
Project("{FAE04EC0-301F-11D3-BF4B-00C04F79EFBC}") = "Unity.Timeline", "Unity.Timeline.Player.csproj", "{01A7474B-03F0-E980-84DE-CB7D79A4D5EB}"
EndProject
Project("{FAE04EC0-301F-11D3-BF4B-00C04F79EFBC}") = "UnityEngine.Purchasing.WinRTCore", "UnityEngine.Purchasing.WinRTCore.Player.csproj", "{30B038F3-080F-7C06-A133-DDA6F9843C5C}"
EndProject
Project("{FAE04EC0-301F-11D3-BF4B-00C04F79EFBC}") = "Assembly-CSharp", "Assembly-CSharp.Player.csproj", "{0EB1FC39-D7F7-3940-F569-2C9508A36F35}"
EndProject
Project("{FAE04EC0-301F-11D3-BF4B-00C04F79EFBC}") = "UnityEngine.Purchasing.SecurityCore", "UnityEngine.Purchasing.SecurityCore.Player.csproj", "{796A9B7E-8426-9439-4502-061101046CFB}"
EndProject
Project("{FAE04EC0-301F-11D3-BF4B-00C04F79EFBC}") = "Unity.TextMeshPro", "Unity.TextMeshPro.Player.csproj", "{767F7AA9-E14D-4EFD-EF17-16FC382F0512}"
EndProject
Project("{FAE04EC0-301F-11D3-BF4B-00C04F79EFBC}") = "UnityEngine.Purchasing", "UnityEngine.Purchasing.Player.csproj", "{E22E23DB-41B3-14E2-E9B5-41E4C0A477CF}"
EndProject
Project("{FAE04EC0-301F-11D3-BF4B-00C04F79EFBC}") = "UnityEngine.Purchasing.AppleCore", "UnityEngine.Purchasing.AppleCore.Player.csproj", "{1BF85732-D709-5D56-7069-E6ADBF5086C6}"
EndProject
Project("{FAE04EC0-301F-11D3-BF4B-00C04F79EFBC}") = "Unity.Services.Core.Environments.Internal", "Unity.Services.Core.Environments.Internal.Player.csproj", "{E5754C32-B7C4-EB8B-E4B3-4DA5965DA515}"
EndProject
Project("{FAE04EC0-301F-11D3-BF4B-00C04F79EFBC}") = "UnityEngine.Advertisements", "UnityEngine.Advertisements.Player.csproj", "{F8B36F76-D617-0FD9-8789-7D66DF2FE1B7}"
EndProject
Project("{FAE04EC0-301F-11D3-BF4B-00C04F79EFBC}") = "Unity.Services.Core", "Unity.Services.Core.Player.csproj", "{32F7B2B7-8334-2C5C-DAD4-97C08A01A3D1}"
EndProject
Project("{FAE04EC0-301F-11D3-BF4B-00C04F79EFBC}") = "UnityEngine.Purchasing.Security", "UnityEngine.Purchasing.Security.Player.csproj", "{972C3403-72C2-428B-232D-FED021AF6C81}"
EndProject
Project("{FAE04EC0-301F-11D3-BF4B-00C04F79EFBC}") = "Unity.Services.Core.Scheduler", "Unity.Services.Core.Scheduler.Player.csproj", "{B9124186-9DB8-E366-A850-035250D937A5}"
EndProject
Project("{FAE04EC0-301F-11D3-BF4B-00C04F79EFBC}") = "Unity.Services.Core.Configuration", "Unity.Services.Core.Configuration.Player.csproj", "{77BE4DCC-FEEE-3BFA-6CA5-5B922355A0E8}"
EndProject
Project("{FAE04EC0-301F-11D3-BF4B-00C04F79EFBC}") = "Unity.Services.Core.Environments", "Unity.Services.Core.Environments.Player.csproj", "{0683F43D-5A19-FB44-FA60-8E0B314E7AB7}"
EndProject
Project("{FAE04EC0-301F-11D3-BF4B-00C04F79EFBC}") = "Unity.Services.Core.Networking", "Unity.Services.Core.Networking.Player.csproj", "{0E7BEE2C-3997-499E-9F85-17A9BF75E5C6}"
EndProject
Project("{FAE04EC0-301F-11D3-BF4B-00C04F79EFBC}") = "Unity.Services.Core.Analytics", "Unity.Services.Core.Analytics.Player.csproj", "{4F57A7E9-68E1-DBB8-D12B-326379BDC057}"
EndProject
Project("{FAE04EC0-301F-11D3-BF4B-00C04F79EFBC}") = "Purchasing.Common", "Purchasing.Common.Player.csproj", "{B608BD61-AFE0-E556-EB11-A609BA48ADD6}"
EndProject
Project("{FAE04EC0-301F-11D3-BF4B-00C04F79EFBC}") = "Unity.Services.Core.Telemetry", "Unity.Services.Core.Telemetry.Player.csproj", "{D9EBB873-F96B-67B5-ADEC-45CA6856843E}"
EndProject
Project("{FAE04EC0-301F-11D3-BF4B-00C04F79EFBC}") = "UnityEngine.Purchasing.Codeless", "UnityEngine.Purchasing.Codeless.Player.csproj", "{950535CE-C852-1451-9975-9D0DD0C726C7}"
EndProject
Project("{FAE04EC0-301F-11D3-BF4B-00C04F79EFBC}") = "Unity.Services.Core.Registration", "Unity.Services.Core.Registration.Player.csproj", "{D91B0A3C-6F12-B0FD-BA83-F70617FDD1D5}"
EndProject
Project("{FAE04EC0-301F-11D3-BF4B-00C04F79EFBC}") = "Unity.Services.Core.Device", "Unity.Services.Core.Device.Player.csproj", "{CBD9247F-DBEC-45AB-2BE0-D454BA38563C}"
EndProject
Project("{FAE04EC0-301F-11D3-BF4B-00C04F79EFBC}") = "UnityEngine.Purchasing.WinRTStub", "UnityEngine.Purchasing.WinRTStub.Player.csproj", "{D0F2247F-92DE-F712-98E1-47528E816BF7}"
EndProject
Project("{FAE04EC0-301F-11D3-BF4B-00C04F79EFBC}") = "Unity.Services.Core.Threading", "Unity.Services.Core.Threading.Player.csproj", "{C9184DA9-CB35-44DC-0C40-9A4EA052BFC6}"
EndProject
Project("{FAE04EC0-301F-11D3-BF4B-00C04F79EFBC}") = "UnityEngine.Purchasing.AppleStub", "UnityEngine.Purchasing.AppleStub.Player.csproj", "{49D5E4FA-2C23-18AA-6379-19E4E7634642}"
EndProject
Project("{FAE04EC0-301F-11D3-BF4B-00C04F79EFBC}") = "UnityEngine.Purchasing.AppleMacosStub", "UnityEngine.Purchasing.AppleMacosStub.Player.csproj", "{4BEB0A94-487B-24C7-9F9F-DF0E9AFBABD9}"
EndProject
Project("{FAE04EC0-301F-11D3-BF4B-00C04F79EFBC}") = "UnityEngine.SpatialTracking", "UnityEngine.SpatialTracking.Player.csproj", "{B9E67456-CE85-DBA8-0096-350512C18686}"
EndProject
Project("{FAE04EC0-301F-11D3-BF4B-00C04F79EFBC}") = "Unity.Analytics.DataPrivacy", "Unity.Analytics.DataPrivacy.Player.csproj", "{08078C11-3827-3F2F-EBF3-5D293356078B}"
EndProject
Global
	GlobalSection(SolutionConfigurationPlatforms) = preSolution
		Debug|Any CPU = Debug|Any CPU
		Release|Any CPU = Release|Any CPU
	EndGlobalSection
	GlobalSection(ProjectConfigurationPlatforms) = postSolution
		{7E1C139C-7B25-9178-BE17-F233A4DCA341}.Debug|Any CPU.ActiveCfg = Debug|Any CPU
		{7E1C139C-7B25-9178-BE17-F233A4DCA341}.Debug|Any CPU.Build.0 = Debug|Any CPU
		{7E1C139C-7B25-9178-BE17-F233A4DCA341}.Release|Any CPU.ActiveCfg = Release|Any CPU
		{7E1C139C-7B25-9178-BE17-F233A4DCA341}.Release|Any CPU.Build.0 = Release|Any CPU
		{D29AF7A7-E2DA-ACF5-6A35-2F040FFA61AB}.Debug|Any CPU.ActiveCfg = Debug|Any CPU
		{D29AF7A7-E2DA-ACF5-6A35-2F040FFA61AB}.Debug|Any CPU.Build.0 = Debug|Any CPU
		{D29AF7A7-E2DA-ACF5-6A35-2F040FFA61AB}.Release|Any CPU.ActiveCfg = Release|Any CPU
		{D29AF7A7-E2DA-ACF5-6A35-2F040FFA61AB}.Release|Any CPU.Build.0 = Release|Any CPU
		{722FA177-78F2-5B3B-6C11-88323D28183A}.Debug|Any CPU.ActiveCfg = Debug|Any CPU
		{722FA177-78F2-5B3B-6C11-88323D28183A}.Debug|Any CPU.Build.0 = Debug|Any CPU
		{722FA177-78F2-5B3B-6C11-88323D28183A}.Release|Any CPU.ActiveCfg = Release|Any CPU
		{722FA177-78F2-5B3B-6C11-88323D28183A}.Release|Any CPU.Build.0 = Release|Any CPU
		{D21828AE-A1F6-2C3F-E071-98B27BBAFB72}.Debug|Any CPU.ActiveCfg = Debug|Any CPU
		{D21828AE-A1F6-2C3F-E071-98B27BBAFB72}.Debug|Any CPU.Build.0 = Debug|Any CPU
		{D21828AE-A1F6-2C3F-E071-98B27BBAFB72}.Release|Any CPU.ActiveCfg = Release|Any CPU
		{D21828AE-A1F6-2C3F-E071-98B27BBAFB72}.Release|Any CPU.Build.0 = Release|Any CPU
		{D72EF7FC-7993-3369-E7DE-CA4EBF033FD3}.Debug|Any CPU.ActiveCfg = Debug|Any CPU
		{D72EF7FC-7993-3369-E7DE-CA4EBF033FD3}.Debug|Any CPU.Build.0 = Debug|Any CPU
		{D72EF7FC-7993-3369-E7DE-CA4EBF033FD3}.Release|Any CPU.ActiveCfg = Release|Any CPU
		{D72EF7FC-7993-3369-E7DE-CA4EBF033FD3}.Release|Any CPU.Build.0 = Release|Any CPU
		{466B4AC9-7C53-54BF-F133-74847A7FA59D}.Debug|Any CPU.ActiveCfg = Debug|Any CPU
		{466B4AC9-7C53-54BF-F133-74847A7FA59D}.Debug|Any CPU.Build.0 = Debug|Any CPU
		{466B4AC9-7C53-54BF-F133-74847A7FA59D}.Release|Any CPU.ActiveCfg = Release|Any CPU
		{466B4AC9-7C53-54BF-F133-74847A7FA59D}.Release|Any CPU.Build.0 = Release|Any CPU
		{A98F9E3A-061B-7EA1-E9D0-5F3F7ABAA513}.Debug|Any CPU.ActiveCfg = Debug|Any CPU
		{A98F9E3A-061B-7EA1-E9D0-5F3F7ABAA513}.Debug|Any CPU.Build.0 = Debug|Any CPU
		{A98F9E3A-061B-7EA1-E9D0-5F3F7ABAA513}.Release|Any CPU.ActiveCfg = Release|Any CPU
		{A98F9E3A-061B-7EA1-E9D0-5F3F7ABAA513}.Release|Any CPU.Build.0 = Release|Any CPU
		{E44F33E5-D896-AAB2-FA1A-656CC725ABA9}.Debug|Any CPU.ActiveCfg = Debug|Any CPU
		{E44F33E5-D896-AAB2-FA1A-656CC725ABA9}.Debug|Any CPU.Build.0 = Debug|Any CPU
		{E44F33E5-D896-AAB2-FA1A-656CC725ABA9}.Release|Any CPU.ActiveCfg = Release|Any CPU
		{E44F33E5-D896-AAB2-FA1A-656CC725ABA9}.Release|Any CPU.Build.0 = Release|Any CPU
		{9EA751F6-F215-BD17-A0F3-4A6A5C6A0917}.Debug|Any CPU.ActiveCfg = Debug|Any CPU
		{9EA751F6-F215-BD17-A0F3-4A6A5C6A0917}.Debug|Any CPU.Build.0 = Debug|Any CPU
		{9EA751F6-F215-BD17-A0F3-4A6A5C6A0917}.Release|Any CPU.ActiveCfg = Release|Any CPU
		{9EA751F6-F215-BD17-A0F3-4A6A5C6A0917}.Release|Any CPU.Build.0 = Release|Any CPU
		{F2ADB203-6B23-DE6F-334E-DB5D3E6DF90B}.Debug|Any CPU.ActiveCfg = Debug|Any CPU
		{F2ADB203-6B23-DE6F-334E-DB5D3E6DF90B}.Debug|Any CPU.Build.0 = Debug|Any CPU
		{F2ADB203-6B23-DE6F-334E-DB5D3E6DF90B}.Release|Any CPU.ActiveCfg = Release|Any CPU
		{F2ADB203-6B23-DE6F-334E-DB5D3E6DF90B}.Release|Any CPU.Build.0 = Release|Any CPU
		{7C5EDC87-A427-84A3-5FF1-30EFD36880FB}.Debug|Any CPU.ActiveCfg = Debug|Any CPU
		{7C5EDC87-A427-84A3-5FF1-30EFD36880FB}.Debug|Any CPU.Build.0 = Debug|Any CPU
		{7C5EDC87-A427-84A3-5FF1-30EFD36880FB}.Release|Any CPU.ActiveCfg = Release|Any CPU
		{7C5EDC87-A427-84A3-5FF1-30EFD36880FB}.Release|Any CPU.Build.0 = Release|Any CPU
		{64B943DF-3465-4CDD-A0B8-2D194BAED824}.Debug|Any CPU.ActiveCfg = Debug|Any CPU
		{64B943DF-3465-4CDD-A0B8-2D194BAED824}.Debug|Any CPU.Build.0 = Debug|Any CPU
		{64B943DF-3465-4CDD-A0B8-2D194BAED824}.Release|Any CPU.ActiveCfg = Release|Any CPU
		{64B943DF-3465-4CDD-A0B8-2D194BAED824}.Release|Any CPU.Build.0 = Release|Any CPU
		{A3E43CA2-4D59-C3C1-DEDA-6D702A8E4872}.Debug|Any CPU.ActiveCfg = Debug|Any CPU
		{A3E43CA2-4D59-C3C1-DEDA-6D702A8E4872}.Debug|Any CPU.Build.0 = Debug|Any CPU
		{A3E43CA2-4D59-C3C1-DEDA-6D702A8E4872}.Release|Any CPU.ActiveCfg = Release|Any CPU
		{A3E43CA2-4D59-C3C1-DEDA-6D702A8E4872}.Release|Any CPU.Build.0 = Release|Any CPU
		{A56EEAC0-FB42-5FC4-DFEF-5F1EAB65E53F}.Debug|Any CPU.ActiveCfg = Debug|Any CPU
		{A56EEAC0-FB42-5FC4-DFEF-5F1EAB65E53F}.Debug|Any CPU.Build.0 = Debug|Any CPU
		{A56EEAC0-FB42-5FC4-DFEF-5F1EAB65E53F}.Release|Any CPU.ActiveCfg = Release|Any CPU
		{A56EEAC0-FB42-5FC4-DFEF-5F1EAB65E53F}.Release|Any CPU.Build.0 = Release|Any CPU
		{5FA6D7D4-FA7B-2B1E-D4A7-512584AC6FC4}.Debug|Any CPU.ActiveCfg = Debug|Any CPU
		{5FA6D7D4-FA7B-2B1E-D4A7-512584AC6FC4}.Debug|Any CPU.Build.0 = Debug|Any CPU
		{5FA6D7D4-FA7B-2B1E-D4A7-512584AC6FC4}.Release|Any CPU.ActiveCfg = Release|Any CPU
		{5FA6D7D4-FA7B-2B1E-D4A7-512584AC6FC4}.Release|Any CPU.Build.0 = Release|Any CPU
		{02448CCD-5B99-E59D-B901-231C56622F88}.Debug|Any CPU.ActiveCfg = Debug|Any CPU
		{02448CCD-5B99-E59D-B901-231C56622F88}.Debug|Any CPU.Build.0 = Debug|Any CPU
		{02448CCD-5B99-E59D-B901-231C56622F88}.Release|Any CPU.ActiveCfg = Release|Any CPU
		{02448CCD-5B99-E59D-B901-231C56622F88}.Release|Any CPU.Build.0 = Release|Any CPU
		{241374F8-8FE5-53F9-A486-21E7FC354CFE}.Debug|Any CPU.ActiveCfg = Debug|Any CPU
		{241374F8-8FE5-53F9-A486-21E7FC354CFE}.Debug|Any CPU.Build.0 = Debug|Any CPU
		{241374F8-8FE5-53F9-A486-21E7FC354CFE}.Release|Any CPU.ActiveCfg = Release|Any CPU
		{241374F8-8FE5-53F9-A486-21E7FC354CFE}.Release|Any CPU.Build.0 = Release|Any CPU
		{AEB56CFC-9E26-10E3-B066-C0BDB542DE8D}.Debug|Any CPU.ActiveCfg = Debug|Any CPU
		{AEB56CFC-9E26-10E3-B066-C0BDB542DE8D}.Debug|Any CPU.Build.0 = Debug|Any CPU
		{AEB56CFC-9E26-10E3-B066-C0BDB542DE8D}.Release|Any CPU.ActiveCfg = Release|Any CPU
		{AEB56CFC-9E26-10E3-B066-C0BDB542DE8D}.Release|Any CPU.Build.0 = Release|Any CPU
		{F2DCC167-A3A3-4D44-4295-AA2910F37783}.Debug|Any CPU.ActiveCfg = Debug|Any CPU
		{F2DCC167-A3A3-4D44-4295-AA2910F37783}.Debug|Any CPU.Build.0 = Debug|Any CPU
		{F2DCC167-A3A3-4D44-4295-AA2910F37783}.Release|Any CPU.ActiveCfg = Release|Any CPU
		{F2DCC167-A3A3-4D44-4295-AA2910F37783}.Release|Any CPU.Build.0 = Release|Any CPU
		{AB023117-132B-83EB-3740-ECF620A5C852}.Debug|Any CPU.ActiveCfg = Debug|Any CPU
		{AB023117-132B-83EB-3740-ECF620A5C852}.Debug|Any CPU.Build.0 = Debug|Any CPU
		{AB023117-132B-83EB-3740-ECF620A5C852}.Release|Any CPU.ActiveCfg = Release|Any CPU
		{AB023117-132B-83EB-3740-ECF620A5C852}.Release|Any CPU.Build.0 = Release|Any CPU
		{03BC6B86-C8A4-07C3-FAED-5A010DA86D0F}.Debug|Any CPU.ActiveCfg = Debug|Any CPU
		{03BC6B86-C8A4-07C3-FAED-5A010DA86D0F}.Debug|Any CPU.Build.0 = Debug|Any CPU
		{03BC6B86-C8A4-07C3-FAED-5A010DA86D0F}.Release|Any CPU.ActiveCfg = Release|Any CPU
		{03BC6B86-C8A4-07C3-FAED-5A010DA86D0F}.Release|Any CPU.Build.0 = Release|Any CPU
		{35B1E076-BD12-41EC-C378-FA54290FC58B}.Debug|Any CPU.ActiveCfg = Debug|Any CPU
		{35B1E076-BD12-41EC-C378-FA54290FC58B}.Debug|Any CPU.Build.0 = Debug|Any CPU
		{35B1E076-BD12-41EC-C378-FA54290FC58B}.Release|Any CPU.ActiveCfg = Release|Any CPU
		{35B1E076-BD12-41EC-C378-FA54290FC58B}.Release|Any CPU.Build.0 = Release|Any CPU
		{0AAA4177-754C-3B51-A9AF-BDEE0F36F503}.Debug|Any CPU.ActiveCfg = Debug|Any CPU
		{0AAA4177-754C-3B51-A9AF-BDEE0F36F503}.Debug|Any CPU.Build.0 = Debug|Any CPU
		{0AAA4177-754C-3B51-A9AF-BDEE0F36F503}.Release|Any CPU.ActiveCfg = Release|Any CPU
		{0AAA4177-754C-3B51-A9AF-BDEE0F36F503}.Release|Any CPU.Build.0 = Release|Any CPU
		{7E61AEA7-F1E5-AC1D-C66B-0AA087DDF0CF}.Debug|Any CPU.ActiveCfg = Debug|Any CPU
		{7E61AEA7-F1E5-AC1D-C66B-0AA087DDF0CF}.Debug|Any CPU.Build.0 = Debug|Any CPU
		{7E61AEA7-F1E5-AC1D-C66B-0AA087DDF0CF}.Release|Any CPU.ActiveCfg = Release|Any CPU
		{7E61AEA7-F1E5-AC1D-C66B-0AA087DDF0CF}.Release|Any CPU.Build.0 = Release|Any CPU
		{4766E323-0509-04F0-731F-1D5E14626309}.Debug|Any CPU.ActiveCfg = Debug|Any CPU
		{4766E323-0509-04F0-731F-1D5E14626309}.Debug|Any CPU.Build.0 = Debug|Any CPU
		{4766E323-0509-04F0-731F-1D5E14626309}.Release|Any CPU.ActiveCfg = Release|Any CPU
		{4766E323-0509-04F0-731F-1D5E14626309}.Release|Any CPU.Build.0 = Release|Any CPU
		{D788BF4B-1F21-D1E6-E132-6685863B5670}.Debug|Any CPU.ActiveCfg = Debug|Any CPU
		{D788BF4B-1F21-D1E6-E132-6685863B5670}.Debug|Any CPU.Build.0 = Debug|Any CPU
		{D788BF4B-1F21-D1E6-E132-6685863B5670}.Release|Any CPU.ActiveCfg = Release|Any CPU
		{D788BF4B-1F21-D1E6-E132-6685863B5670}.Release|Any CPU.Build.0 = Release|Any CPU
		{AD010B3F-ACDA-F0D7-6431-99E15E4D6BB4}.Debug|Any CPU.ActiveCfg = Debug|Any CPU
		{AD010B3F-ACDA-F0D7-6431-99E15E4D6BB4}.Debug|Any CPU.Build.0 = Debug|Any CPU
		{AD010B3F-ACDA-F0D7-6431-99E15E4D6BB4}.Release|Any CPU.ActiveCfg = Release|Any CPU
		{AD010B3F-ACDA-F0D7-6431-99E15E4D6BB4}.Release|Any CPU.Build.0 = Release|Any CPU
		{1673BF77-3FB5-84E9-8751-9976702C5F48}.Debug|Any CPU.ActiveCfg = Debug|Any CPU
		{1673BF77-3FB5-84E9-8751-9976702C5F48}.Debug|Any CPU.Build.0 = Debug|Any CPU
		{1673BF77-3FB5-84E9-8751-9976702C5F48}.Release|Any CPU.ActiveCfg = Release|Any CPU
		{1673BF77-3FB5-84E9-8751-9976702C5F48}.Release|Any CPU.Build.0 = Release|Any CPU
		{8024E510-8695-DD9D-6C64-A746D249A8EE}.Debug|Any CPU.ActiveCfg = Debug|Any CPU
		{8024E510-8695-DD9D-6C64-A746D249A8EE}.Debug|Any CPU.Build.0 = Debug|Any CPU
		{8024E510-8695-DD9D-6C64-A746D249A8EE}.Release|Any CPU.ActiveCfg = Release|Any CPU
		{8024E510-8695-DD9D-6C64-A746D249A8EE}.Release|Any CPU.Build.0 = Release|Any CPU
		{4549ED07-B9C0-4E43-72F0-793F41CA40F3}.Debug|Any CPU.ActiveCfg = Debug|Any CPU
		{4549ED07-B9C0-4E43-72F0-793F41CA40F3}.Debug|Any CPU.Build.0 = Debug|Any CPU
		{4549ED07-B9C0-4E43-72F0-793F41CA40F3}.Release|Any CPU.ActiveCfg = Release|Any CPU
		{4549ED07-B9C0-4E43-72F0-793F41CA40F3}.Release|Any CPU.Build.0 = Release|Any CPU
		{8A3232F4-216B-D3BD-BE4A-20006231383B}.Debug|Any CPU.ActiveCfg = Debug|Any CPU
		{8A3232F4-216B-D3BD-BE4A-20006231383B}.Debug|Any CPU.Build.0 = Debug|Any CPU
		{8A3232F4-216B-D3BD-BE4A-20006231383B}.Release|Any CPU.ActiveCfg = Release|Any CPU
		{8A3232F4-216B-D3BD-BE4A-20006231383B}.Release|Any CPU.Build.0 = Release|Any CPU
		{86C24318-A92B-4BA3-D20C-AAF81D3C6842}.Debug|Any CPU.ActiveCfg = Debug|Any CPU
		{86C24318-A92B-4BA3-D20C-AAF81D3C6842}.Debug|Any CPU.Build.0 = Debug|Any CPU
		{86C24318-A92B-4BA3-D20C-AAF81D3C6842}.Release|Any CPU.ActiveCfg = Release|Any CPU
		{86C24318-A92B-4BA3-D20C-AAF81D3C6842}.Release|Any CPU.Build.0 = Release|Any CPU
		{31BD03DD-ADD1-D03A-91AD-72008233E043}.Debug|Any CPU.ActiveCfg = Debug|Any CPU
		{31BD03DD-ADD1-D03A-91AD-72008233E043}.Debug|Any CPU.Build.0 = Debug|Any CPU
		{31BD03DD-ADD1-D03A-91AD-72008233E043}.Release|Any CPU.ActiveCfg = Release|Any CPU
		{31BD03DD-ADD1-D03A-91AD-72008233E043}.Release|Any CPU.Build.0 = Release|Any CPU
		{10908A8E-99AC-436D-E948-0757AE571798}.Debug|Any CPU.ActiveCfg = Debug|Any CPU
		{10908A8E-99AC-436D-E948-0757AE571798}.Debug|Any CPU.Build.0 = Debug|Any CPU
		{10908A8E-99AC-436D-E948-0757AE571798}.Release|Any CPU.ActiveCfg = Release|Any CPU
		{10908A8E-99AC-436D-E948-0757AE571798}.Release|Any CPU.Build.0 = Release|Any CPU
		{97EB2B7A-6014-8C9B-D950-49BB10FB39E4}.Debug|Any CPU.ActiveCfg = Debug|Any CPU
		{97EB2B7A-6014-8C9B-D950-49BB10FB39E4}.Debug|Any CPU.Build.0 = Debug|Any CPU
		{97EB2B7A-6014-8C9B-D950-49BB10FB39E4}.Release|Any CPU.ActiveCfg = Release|Any CPU
		{97EB2B7A-6014-8C9B-D950-49BB10FB39E4}.Release|Any CPU.Build.0 = Release|Any CPU
		{936E9C56-AB48-E47A-0AC5-997483B7659B}.Debug|Any CPU.ActiveCfg = Debug|Any CPU
		{936E9C56-AB48-E47A-0AC5-997483B7659B}.Debug|Any CPU.Build.0 = Debug|Any CPU
		{936E9C56-AB48-E47A-0AC5-997483B7659B}.Release|Any CPU.ActiveCfg = Release|Any CPU
		{936E9C56-AB48-E47A-0AC5-997483B7659B}.Release|Any CPU.Build.0 = Release|Any CPU
		{2149D699-340C-11AD-646E-2D6B697029D7}.Debug|Any CPU.ActiveCfg = Debug|Any CPU
		{2149D699-340C-11AD-646E-2D6B697029D7}.Debug|Any CPU.Build.0 = Debug|Any CPU
		{2149D699-340C-11AD-646E-2D6B697029D7}.Release|Any CPU.ActiveCfg = Release|Any CPU
		{2149D699-340C-11AD-646E-2D6B697029D7}.Release|Any CPU.Build.0 = Release|Any CPU
		{A5ACF34F-F17F-3252-1394-DE2318FCEE2C}.Debug|Any CPU.ActiveCfg = Debug|Any CPU
		{A5ACF34F-F17F-3252-1394-DE2318FCEE2C}.Debug|Any CPU.Build.0 = Debug|Any CPU
		{A5ACF34F-F17F-3252-1394-DE2318FCEE2C}.Release|Any CPU.ActiveCfg = Release|Any CPU
		{A5ACF34F-F17F-3252-1394-DE2318FCEE2C}.Release|Any CPU.Build.0 = Release|Any CPU
		{4E5ED13B-92C9-9A7A-649B-81A41BD5302B}.Debug|Any CPU.ActiveCfg = Debug|Any CPU
		{4E5ED13B-92C9-9A7A-649B-81A41BD5302B}.Debug|Any CPU.Build.0 = Debug|Any CPU
		{4E5ED13B-92C9-9A7A-649B-81A41BD5302B}.Release|Any CPU.ActiveCfg = Release|Any CPU
		{4E5ED13B-92C9-9A7A-649B-81A41BD5302B}.Release|Any CPU.Build.0 = Release|Any CPU
		{CAA17556-C940-C4F0-C0C3-C44234029900}.Debug|Any CPU.ActiveCfg = Debug|Any CPU
		{CAA17556-C940-C4F0-C0C3-C44234029900}.Debug|Any CPU.Build.0 = Debug|Any CPU
		{CAA17556-C940-C4F0-C0C3-C44234029900}.Release|Any CPU.ActiveCfg = Release|Any CPU
		{CAA17556-C940-C4F0-C0C3-C44234029900}.Release|Any CPU.Build.0 = Release|Any CPU
		{A43819A5-4561-B4B7-870B-74BC690A5539}.Debug|Any CPU.ActiveCfg = Debug|Any CPU
		{A43819A5-4561-B4B7-870B-74BC690A5539}.Debug|Any CPU.Build.0 = Debug|Any CPU
		{A43819A5-4561-B4B7-870B-74BC690A5539}.Release|Any CPU.ActiveCfg = Release|Any CPU
		{A43819A5-4561-B4B7-870B-74BC690A5539}.Release|Any CPU.Build.0 = Release|Any CPU
		{CEA9163C-208E-8A29-274E-55430DF28CA2}.Debug|Any CPU.ActiveCfg = Debug|Any CPU
		{CEA9163C-208E-8A29-274E-55430DF28CA2}.Debug|Any CPU.Build.0 = Debug|Any CPU
		{CEA9163C-208E-8A29-274E-55430DF28CA2}.Release|Any CPU.ActiveCfg = Release|Any CPU
		{CEA9163C-208E-8A29-274E-55430DF28CA2}.Release|Any CPU.Build.0 = Release|Any CPU
		{8FC9F853-8A83-9F9A-A646-9780ECACEF02}.Debug|Any CPU.ActiveCfg = Debug|Any CPU
		{8FC9F853-8A83-9F9A-A646-9780ECACEF02}.Debug|Any CPU.Build.0 = Debug|Any CPU
		{8FC9F853-8A83-9F9A-A646-9780ECACEF02}.Release|Any CPU.ActiveCfg = Release|Any CPU
		{8FC9F853-8A83-9F9A-A646-9780ECACEF02}.Release|Any CPU.Build.0 = Release|Any CPU
		{27BF9C07-8C95-C484-0CC3-47B098CF7E3E}.Debug|Any CPU.ActiveCfg = Debug|Any CPU
		{27BF9C07-8C95-C484-0CC3-47B098CF7E3E}.Debug|Any CPU.Build.0 = Debug|Any CPU
		{27BF9C07-8C95-C484-0CC3-47B098CF7E3E}.Release|Any CPU.ActiveCfg = Release|Any CPU
		{27BF9C07-8C95-C484-0CC3-47B098CF7E3E}.Release|Any CPU.Build.0 = Release|Any CPU
		{A1C43B58-7F9F-36DF-4DF3-EC1AA0826173}.Debug|Any CPU.ActiveCfg = Debug|Any CPU
		{A1C43B58-7F9F-36DF-4DF3-EC1AA0826173}.Debug|Any CPU.Build.0 = Debug|Any CPU
		{A1C43B58-7F9F-36DF-4DF3-EC1AA0826173}.Release|Any CPU.ActiveCfg = Release|Any CPU
		{A1C43B58-7F9F-36DF-4DF3-EC1AA0826173}.Release|Any CPU.Build.0 = Release|Any CPU
		{ACD320C7-61A6-4F9D-BFF8-25EEC3136915}.Debug|Any CPU.ActiveCfg = Debug|Any CPU
		{ACD320C7-61A6-4F9D-BFF8-25EEC3136915}.Debug|Any CPU.Build.0 = Debug|Any CPU
		{ACD320C7-61A6-4F9D-BFF8-25EEC3136915}.Release|Any CPU.ActiveCfg = Release|Any CPU
		{ACD320C7-61A6-4F9D-BFF8-25EEC3136915}.Release|Any CPU.Build.0 = Release|Any CPU
		{2FE2543B-F453-6BF8-1C12-38A360865D00}.Debug|Any CPU.ActiveCfg = Debug|Any CPU
		{2FE2543B-F453-6BF8-1C12-38A360865D00}.Debug|Any CPU.Build.0 = Debug|Any CPU
		{2FE2543B-F453-6BF8-1C12-38A360865D00}.Release|Any CPU.ActiveCfg = Release|Any CPU
		{2FE2543B-F453-6BF8-1C12-38A360865D00}.Release|Any CPU.Build.0 = Release|Any CPU
		{9F53F595-638A-F4EC-5EAA-E09BFC44651C}.Debug|Any CPU.ActiveCfg = Debug|Any CPU
		{9F53F595-638A-F4EC-5EAA-E09BFC44651C}.Debug|Any CPU.Build.0 = Debug|Any CPU
		{9F53F595-638A-F4EC-5EAA-E09BFC44651C}.Release|Any CPU.ActiveCfg = Release|Any CPU
		{9F53F595-638A-F4EC-5EAA-E09BFC44651C}.Release|Any CPU.Build.0 = Release|Any CPU
		{2A48EE71-5189-D1BF-FC05-603E13F11C41}.Debug|Any CPU.ActiveCfg = Debug|Any CPU
		{2A48EE71-5189-D1BF-FC05-603E13F11C41}.Debug|Any CPU.Build.0 = Debug|Any CPU
		{2A48EE71-5189-D1BF-FC05-603E13F11C41}.Release|Any CPU.ActiveCfg = Release|Any CPU
		{2A48EE71-5189-D1BF-FC05-603E13F11C41}.Release|Any CPU.Build.0 = Release|Any CPU
		{785BFA1D-CD45-F116-5336-A97869858444}.Debug|Any CPU.ActiveCfg = Debug|Any CPU
		{785BFA1D-CD45-F116-5336-A97869858444}.Debug|Any CPU.Build.0 = Debug|Any CPU
		{785BFA1D-CD45-F116-5336-A97869858444}.Release|Any CPU.ActiveCfg = Release|Any CPU
		{785BFA1D-CD45-F116-5336-A97869858444}.Release|Any CPU.Build.0 = Release|Any CPU
		{0421B844-7E12-7979-200D-01849C66383F}.Debug|Any CPU.ActiveCfg = Debug|Any CPU
		{0421B844-7E12-7979-200D-01849C66383F}.Debug|Any CPU.Build.0 = Debug|Any CPU
		{0421B844-7E12-7979-200D-01849C66383F}.Release|Any CPU.ActiveCfg = Release|Any CPU
		{0421B844-7E12-7979-200D-01849C66383F}.Release|Any CPU.Build.0 = Release|Any CPU
		{CDEAFE1E-F48F-876C-4967-41E6096FA42F}.Debug|Any CPU.ActiveCfg = Debug|Any CPU
		{CDEAFE1E-F48F-876C-4967-41E6096FA42F}.Debug|Any CPU.Build.0 = Debug|Any CPU
		{CDEAFE1E-F48F-876C-4967-41E6096FA42F}.Release|Any CPU.ActiveCfg = Release|Any CPU
		{CDEAFE1E-F48F-876C-4967-41E6096FA42F}.Release|Any CPU.Build.0 = Release|Any CPU
		{FA34573D-0F04-A5E2-8198-5FC93C31C1BD}.Debug|Any CPU.ActiveCfg = Debug|Any CPU
		{FA34573D-0F04-A5E2-8198-5FC93C31C1BD}.Debug|Any CPU.Build.0 = Debug|Any CPU
		{FA34573D-0F04-A5E2-8198-5FC93C31C1BD}.Release|Any CPU.ActiveCfg = Release|Any CPU
		{FA34573D-0F04-A5E2-8198-5FC93C31C1BD}.Release|Any CPU.Build.0 = Release|Any CPU
		{BB3E3FB8-BCB2-0848-00DC-A0D9BBD1C34F}.Debug|Any CPU.ActiveCfg = Debug|Any CPU
		{BB3E3FB8-BCB2-0848-00DC-A0D9BBD1C34F}.Debug|Any CPU.Build.0 = Debug|Any CPU
		{BB3E3FB8-BCB2-0848-00DC-A0D9BBD1C34F}.Release|Any CPU.ActiveCfg = Release|Any CPU
		{BB3E3FB8-BCB2-0848-00DC-A0D9BBD1C34F}.Release|Any CPU.Build.0 = Release|Any CPU
		{0C1B2F67-74C6-8C58-3179-8DAFD1216C4C}.Debug|Any CPU.ActiveCfg = Debug|Any CPU
		{0C1B2F67-74C6-8C58-3179-8DAFD1216C4C}.Debug|Any CPU.Build.0 = Debug|Any CPU
		{0C1B2F67-74C6-8C58-3179-8DAFD1216C4C}.Release|Any CPU.ActiveCfg = Release|Any CPU
		{0C1B2F67-74C6-8C58-3179-8DAFD1216C4C}.Release|Any CPU.Build.0 = Release|Any CPU
		{4374F884-F2D8-D603-B7D0-A659CEF2D808}.Debug|Any CPU.ActiveCfg = Debug|Any CPU
		{4374F884-F2D8-D603-B7D0-A659CEF2D808}.Debug|Any CPU.Build.0 = Debug|Any CPU
		{4374F884-F2D8-D603-B7D0-A659CEF2D808}.Release|Any CPU.ActiveCfg = Release|Any CPU
		{4374F884-F2D8-D603-B7D0-A659CEF2D808}.Release|Any CPU.Build.0 = Release|Any CPU
		{2B0EC70D-4E6D-84B0-9F2A-99A5C8F2B869}.Debug|Any CPU.ActiveCfg = Debug|Any CPU
		{2B0EC70D-4E6D-84B0-9F2A-99A5C8F2B869}.Debug|Any CPU.Build.0 = Debug|Any CPU
		{2B0EC70D-4E6D-84B0-9F2A-99A5C8F2B869}.Release|Any CPU.ActiveCfg = Release|Any CPU
		{2B0EC70D-4E6D-84B0-9F2A-99A5C8F2B869}.Release|Any CPU.Build.0 = Release|Any CPU
		{050EB321-385C-6F35-4DAF-D356D58C4CA1}.Debug|Any CPU.ActiveCfg = Debug|Any CPU
		{050EB321-385C-6F35-4DAF-D356D58C4CA1}.Debug|Any CPU.Build.0 = Debug|Any CPU
		{050EB321-385C-6F35-4DAF-D356D58C4CA1}.Release|Any CPU.ActiveCfg = Release|Any CPU
		{050EB321-385C-6F35-4DAF-D356D58C4CA1}.Release|Any CPU.Build.0 = Release|Any CPU
		{20FFE3CD-3730-0702-B23D-AB9FE24694E6}.Debug|Any CPU.ActiveCfg = Debug|Any CPU
		{20FFE3CD-3730-0702-B23D-AB9FE24694E6}.Debug|Any CPU.Build.0 = Debug|Any CPU
		{20FFE3CD-3730-0702-B23D-AB9FE24694E6}.Release|Any CPU.ActiveCfg = Release|Any CPU
		{20FFE3CD-3730-0702-B23D-AB9FE24694E6}.Release|Any CPU.Build.0 = Release|Any CPU
		{33E4F637-D81B-3CE2-687B-8BA1C9789F2F}.Debug|Any CPU.ActiveCfg = Debug|Any CPU
		{33E4F637-D81B-3CE2-687B-8BA1C9789F2F}.Debug|Any CPU.Build.0 = Debug|Any CPU
		{33E4F637-D81B-3CE2-687B-8BA1C9789F2F}.Release|Any CPU.ActiveCfg = Release|Any CPU
		{33E4F637-D81B-3CE2-687B-8BA1C9789F2F}.Release|Any CPU.Build.0 = Release|Any CPU
		{B5C48DFE-79DE-A64D-1955-84D250396ED1}.Debug|Any CPU.ActiveCfg = Debug|Any CPU
		{B5C48DFE-79DE-A64D-1955-84D250396ED1}.Debug|Any CPU.Build.0 = Debug|Any CPU
		{B5C48DFE-79DE-A64D-1955-84D250396ED1}.Release|Any CPU.ActiveCfg = Release|Any CPU
		{B5C48DFE-79DE-A64D-1955-84D250396ED1}.Release|Any CPU.Build.0 = Release|Any CPU
		{0F47C97A-B42B-58EF-B47F-EE37050AA53F}.Debug|Any CPU.ActiveCfg = Debug|Any CPU
		{0F47C97A-B42B-58EF-B47F-EE37050AA53F}.Debug|Any CPU.Build.0 = Debug|Any CPU
		{0F47C97A-B42B-58EF-B47F-EE37050AA53F}.Release|Any CPU.ActiveCfg = Release|Any CPU
		{0F47C97A-B42B-58EF-B47F-EE37050AA53F}.Release|Any CPU.Build.0 = Release|Any CPU
		{570AE599-8CB3-4950-04C5-D611936743B1}.Debug|Any CPU.ActiveCfg = Debug|Any CPU
		{570AE599-8CB3-4950-04C5-D611936743B1}.Debug|Any CPU.Build.0 = Debug|Any CPU
		{570AE599-8CB3-4950-04C5-D611936743B1}.Release|Any CPU.ActiveCfg = Release|Any CPU
		{570AE599-8CB3-4950-04C5-D611936743B1}.Release|Any CPU.Build.0 = Release|Any CPU
		{01A7474B-03F0-E980-84DE-CB7D79A4D5EB}.Debug|Any CPU.ActiveCfg = Debug|Any CPU
		{01A7474B-03F0-E980-84DE-CB7D79A4D5EB}.Debug|Any CPU.Build.0 = Debug|Any CPU
		{01A7474B-03F0-E980-84DE-CB7D79A4D5EB}.Release|Any CPU.ActiveCfg = Release|Any CPU
		{01A7474B-03F0-E980-84DE-CB7D79A4D5EB}.Release|Any CPU.Build.0 = Release|Any CPU
		{30B038F3-080F-7C06-A133-DDA6F9843C5C}.Debug|Any CPU.ActiveCfg = Debug|Any CPU
		{30B038F3-080F-7C06-A133-DDA6F9843C5C}.Debug|Any CPU.Build.0 = Debug|Any CPU
		{30B038F3-080F-7C06-A133-DDA6F9843C5C}.Release|Any CPU.ActiveCfg = Release|Any CPU
		{30B038F3-080F-7C06-A133-DDA6F9843C5C}.Release|Any CPU.Build.0 = Release|Any CPU
		{0EB1FC39-D7F7-3940-F569-2C9508A36F35}.Debug|Any CPU.ActiveCfg = Debug|Any CPU
		{0EB1FC39-D7F7-3940-F569-2C9508A36F35}.Debug|Any CPU.Build.0 = Debug|Any CPU
		{0EB1FC39-D7F7-3940-F569-2C9508A36F35}.Release|Any CPU.ActiveCfg = Release|Any CPU
		{0EB1FC39-D7F7-3940-F569-2C9508A36F35}.Release|Any CPU.Build.0 = Release|Any CPU
		{796A9B7E-8426-9439-4502-061101046CFB}.Debug|Any CPU.ActiveCfg = Debug|Any CPU
		{796A9B7E-8426-9439-4502-061101046CFB}.Debug|Any CPU.Build.0 = Debug|Any CPU
		{796A9B7E-8426-9439-4502-061101046CFB}.Release|Any CPU.ActiveCfg = Release|Any CPU
		{796A9B7E-8426-9439-4502-061101046CFB}.Release|Any CPU.Build.0 = Release|Any CPU
		{767F7AA9-E14D-4EFD-EF17-16FC382F0512}.Debug|Any CPU.ActiveCfg = Debug|Any CPU
		{767F7AA9-E14D-4EFD-EF17-16FC382F0512}.Debug|Any CPU.Build.0 = Debug|Any CPU
		{767F7AA9-E14D-4EFD-EF17-16FC382F0512}.Release|Any CPU.ActiveCfg = Release|Any CPU
		{767F7AA9-E14D-4EFD-EF17-16FC382F0512}.Release|Any CPU.Build.0 = Release|Any CPU
		{E22E23DB-41B3-14E2-E9B5-41E4C0A477CF}.Debug|Any CPU.ActiveCfg = Debug|Any CPU
		{E22E23DB-41B3-14E2-E9B5-41E4C0A477CF}.Debug|Any CPU.Build.0 = Debug|Any CPU
		{E22E23DB-41B3-14E2-E9B5-41E4C0A477CF}.Release|Any CPU.ActiveCfg = Release|Any CPU
		{E22E23DB-41B3-14E2-E9B5-41E4C0A477CF}.Release|Any CPU.Build.0 = Release|Any CPU
		{1BF85732-D709-5D56-7069-E6ADBF5086C6}.Debug|Any CPU.ActiveCfg = Debug|Any CPU
		{1BF85732-D709-5D56-7069-E6ADBF5086C6}.Debug|Any CPU.Build.0 = Debug|Any CPU
		{1BF85732-D709-5D56-7069-E6ADBF5086C6}.Release|Any CPU.ActiveCfg = Release|Any CPU
		{1BF85732-D709-5D56-7069-E6ADBF5086C6}.Release|Any CPU.Build.0 = Release|Any CPU
		{E5754C32-B7C4-EB8B-E4B3-4DA5965DA515}.Debug|Any CPU.ActiveCfg = Debug|Any CPU
		{E5754C32-B7C4-EB8B-E4B3-4DA5965DA515}.Debug|Any CPU.Build.0 = Debug|Any CPU
		{E5754C32-B7C4-EB8B-E4B3-4DA5965DA515}.Release|Any CPU.ActiveCfg = Release|Any CPU
		{E5754C32-B7C4-EB8B-E4B3-4DA5965DA515}.Release|Any CPU.Build.0 = Release|Any CPU
		{F8B36F76-D617-0FD9-8789-7D66DF2FE1B7}.Debug|Any CPU.ActiveCfg = Debug|Any CPU
		{F8B36F76-D617-0FD9-8789-7D66DF2FE1B7}.Debug|Any CPU.Build.0 = Debug|Any CPU
		{F8B36F76-D617-0FD9-8789-7D66DF2FE1B7}.Release|Any CPU.ActiveCfg = Release|Any CPU
		{F8B36F76-D617-0FD9-8789-7D66DF2FE1B7}.Release|Any CPU.Build.0 = Release|Any CPU
		{32F7B2B7-8334-2C5C-DAD4-97C08A01A3D1}.Debug|Any CPU.ActiveCfg = Debug|Any CPU
		{32F7B2B7-8334-2C5C-DAD4-97C08A01A3D1}.Debug|Any CPU.Build.0 = Debug|Any CPU
		{32F7B2B7-8334-2C5C-DAD4-97C08A01A3D1}.Release|Any CPU.ActiveCfg = Release|Any CPU
		{32F7B2B7-8334-2C5C-DAD4-97C08A01A3D1}.Release|Any CPU.Build.0 = Release|Any CPU
		{972C3403-72C2-428B-232D-FED021AF6C81}.Debug|Any CPU.ActiveCfg = Debug|Any CPU
		{972C3403-72C2-428B-232D-FED021AF6C81}.Debug|Any CPU.Build.0 = Debug|Any CPU
		{972C3403-72C2-428B-232D-FED021AF6C81}.Release|Any CPU.ActiveCfg = Release|Any CPU
		{972C3403-72C2-428B-232D-FED021AF6C81}.Release|Any CPU.Build.0 = Release|Any CPU
		{B9124186-9DB8-E366-A850-035250D937A5}.Debug|Any CPU.ActiveCfg = Debug|Any CPU
		{B9124186-9DB8-E366-A850-035250D937A5}.Debug|Any CPU.Build.0 = Debug|Any CPU
		{B9124186-9DB8-E366-A850-035250D937A5}.Release|Any CPU.ActiveCfg = Release|Any CPU
		{B9124186-9DB8-E366-A850-035250D937A5}.Release|Any CPU.Build.0 = Release|Any CPU
		{77BE4DCC-FEEE-3BFA-6CA5-5B922355A0E8}.Debug|Any CPU.ActiveCfg = Debug|Any CPU
		{77BE4DCC-FEEE-3BFA-6CA5-5B922355A0E8}.Debug|Any CPU.Build.0 = Debug|Any CPU
		{77BE4DCC-FEEE-3BFA-6CA5-5B922355A0E8}.Release|Any CPU.ActiveCfg = Release|Any CPU
		{77BE4DCC-FEEE-3BFA-6CA5-5B922355A0E8}.Release|Any CPU.Build.0 = Release|Any CPU
		{0683F43D-5A19-FB44-FA60-8E0B314E7AB7}.Debug|Any CPU.ActiveCfg = Debug|Any CPU
		{0683F43D-5A19-FB44-FA60-8E0B314E7AB7}.Debug|Any CPU.Build.0 = Debug|Any CPU
		{0683F43D-5A19-FB44-FA60-8E0B314E7AB7}.Release|Any CPU.ActiveCfg = Release|Any CPU
		{0683F43D-5A19-FB44-FA60-8E0B314E7AB7}.Release|Any CPU.Build.0 = Release|Any CPU
		{0E7BEE2C-3997-499E-9F85-17A9BF75E5C6}.Debug|Any CPU.ActiveCfg = Debug|Any CPU
		{0E7BEE2C-3997-499E-9F85-17A9BF75E5C6}.Debug|Any CPU.Build.0 = Debug|Any CPU
		{0E7BEE2C-3997-499E-9F85-17A9BF75E5C6}.Release|Any CPU.ActiveCfg = Release|Any CPU
		{0E7BEE2C-3997-499E-9F85-17A9BF75E5C6}.Release|Any CPU.Build.0 = Release|Any CPU
		{4F57A7E9-68E1-DBB8-D12B-326379BDC057}.Debug|Any CPU.ActiveCfg = Debug|Any CPU
		{4F57A7E9-68E1-DBB8-D12B-326379BDC057}.Debug|Any CPU.Build.0 = Debug|Any CPU
		{4F57A7E9-68E1-DBB8-D12B-326379BDC057}.Release|Any CPU.ActiveCfg = Release|Any CPU
		{4F57A7E9-68E1-DBB8-D12B-326379BDC057}.Release|Any CPU.Build.0 = Release|Any CPU
		{B608BD61-AFE0-E556-EB11-A609BA48ADD6}.Debug|Any CPU.ActiveCfg = Debug|Any CPU
		{B608BD61-AFE0-E556-EB11-A609BA48ADD6}.Debug|Any CPU.Build.0 = Debug|Any CPU
		{B608BD61-AFE0-E556-EB11-A609BA48ADD6}.Release|Any CPU.ActiveCfg = Release|Any CPU
		{B608BD61-AFE0-E556-EB11-A609BA48ADD6}.Release|Any CPU.Build.0 = Release|Any CPU
		{D9EBB873-F96B-67B5-ADEC-45CA6856843E}.Debug|Any CPU.ActiveCfg = Debug|Any CPU
		{D9EBB873-F96B-67B5-ADEC-45CA6856843E}.Debug|Any CPU.Build.0 = Debug|Any CPU
		{D9EBB873-F96B-67B5-ADEC-45CA6856843E}.Release|Any CPU.ActiveCfg = Release|Any CPU
		{D9EBB873-F96B-67B5-ADEC-45CA6856843E}.Release|Any CPU.Build.0 = Release|Any CPU
		{950535CE-C852-1451-9975-9D0DD0C726C7}.Debug|Any CPU.ActiveCfg = Debug|Any CPU
		{950535CE-C852-1451-9975-9D0DD0C726C7}.Debug|Any CPU.Build.0 = Debug|Any CPU
		{950535CE-C852-1451-9975-9D0DD0C726C7}.Release|Any CPU.ActiveCfg = Release|Any CPU
		{950535CE-C852-1451-9975-9D0DD0C726C7}.Release|Any CPU.Build.0 = Release|Any CPU
		{D91B0A3C-6F12-B0FD-BA83-F70617FDD1D5}.Debug|Any CPU.ActiveCfg = Debug|Any CPU
		{D91B0A3C-6F12-B0FD-BA83-F70617FDD1D5}.Debug|Any CPU.Build.0 = Debug|Any CPU
		{D91B0A3C-6F12-B0FD-BA83-F70617FDD1D5}.Release|Any CPU.ActiveCfg = Release|Any CPU
		{D91B0A3C-6F12-B0FD-BA83-F70617FDD1D5}.Release|Any CPU.Build.0 = Release|Any CPU
		{CBD9247F-DBEC-45AB-2BE0-D454BA38563C}.Debug|Any CPU.ActiveCfg = Debug|Any CPU
		{CBD9247F-DBEC-45AB-2BE0-D454BA38563C}.Debug|Any CPU.Build.0 = Debug|Any CPU
		{CBD9247F-DBEC-45AB-2BE0-D454BA38563C}.Release|Any CPU.ActiveCfg = Release|Any CPU
		{CBD9247F-DBEC-45AB-2BE0-D454BA38563C}.Release|Any CPU.Build.0 = Release|Any CPU
		{D0F2247F-92DE-F712-98E1-47528E816BF7}.Debug|Any CPU.ActiveCfg = Debug|Any CPU
		{D0F2247F-92DE-F712-98E1-47528E816BF7}.Debug|Any CPU.Build.0 = Debug|Any CPU
		{D0F2247F-92DE-F712-98E1-47528E816BF7}.Release|Any CPU.ActiveCfg = Release|Any CPU
		{D0F2247F-92DE-F712-98E1-47528E816BF7}.Release|Any CPU.Build.0 = Release|Any CPU
		{C9184DA9-CB35-44DC-0C40-9A4EA052BFC6}.Debug|Any CPU.ActiveCfg = Debug|Any CPU
		{C9184DA9-CB35-44DC-0C40-9A4EA052BFC6}.Debug|Any CPU.Build.0 = Debug|Any CPU
		{C9184DA9-CB35-44DC-0C40-9A4EA052BFC6}.Release|Any CPU.ActiveCfg = Release|Any CPU
		{C9184DA9-CB35-44DC-0C40-9A4EA052BFC6}.Release|Any CPU.Build.0 = Release|Any CPU
		{49D5E4FA-2C23-18AA-6379-19E4E7634642}.Debug|Any CPU.ActiveCfg = Debug|Any CPU
		{49D5E4FA-2C23-18AA-6379-19E4E7634642}.Debug|Any CPU.Build.0 = Debug|Any CPU
		{49D5E4FA-2C23-18AA-6379-19E4E7634642}.Release|Any CPU.ActiveCfg = Release|Any CPU
		{49D5E4FA-2C23-18AA-6379-19E4E7634642}.Release|Any CPU.Build.0 = Release|Any CPU
		{4BEB0A94-487B-24C7-9F9F-DF0E9AFBABD9}.Debug|Any CPU.ActiveCfg = Debug|Any CPU
		{4BEB0A94-487B-24C7-9F9F-DF0E9AFBABD9}.Debug|Any CPU.Build.0 = Debug|Any CPU
		{4BEB0A94-487B-24C7-9F9F-DF0E9AFBABD9}.Release|Any CPU.ActiveCfg = Release|Any CPU
		{4BEB0A94-487B-24C7-9F9F-DF0E9AFBABD9}.Release|Any CPU.Build.0 = Release|Any CPU
		{B9E67456-CE85-DBA8-0096-350512C18686}.Debug|Any CPU.ActiveCfg = Debug|Any CPU
		{B9E67456-CE85-DBA8-0096-350512C18686}.Debug|Any CPU.Build.0 = Debug|Any CPU
		{B9E67456-CE85-DBA8-0096-350512C18686}.Release|Any CPU.ActiveCfg = Release|Any CPU
		{B9E67456-CE85-DBA8-0096-350512C18686}.Release|Any CPU.Build.0 = Release|Any CPU
		{08078C11-3827-3F2F-EBF3-5D293356078B}.Debug|Any CPU.ActiveCfg = Debug|Any CPU
		{08078C11-3827-3F2F-EBF3-5D293356078B}.Debug|Any CPU.Build.0 = Debug|Any CPU
		{08078C11-3827-3F2F-EBF3-5D293356078B}.Release|Any CPU.ActiveCfg = Release|Any CPU
		{08078C11-3827-3F2F-EBF3-5D293356078B}.Release|Any CPU.Build.0 = Release|Any CPU
	EndGlobalSection
	GlobalSection(SolutionProperties) = preSolution
		HideSolutionNode = FALSE
	EndGlobalSection
EndGlobal
